# This file is automatically @generated by Poetry 1.8.2 and should not be changed by hand.

[[package]]
name = "area"
version = "1.1.1"
description = "Calculate the area inside of any GeoJSON geometry. This is a port of Mapbox'sgeojson-area for Python"
optional = false
python-versions = "*"
files = [
    {file = "area-1.1.1.tar.gz", hash = "sha256:caebb96668ddeddb50e7f56ed236da3b84459f6eb67f0306a652c14e2b8765a2"},
]

[metadata]
lock-version = "2.0"
python-versions = "^3.12"
content-hash = "4c68a9976652fad91a21ad9ca105a35859768174a82a9bcc86138e0fcf5274cb"
